github.com/lxn/walk v0.0.0-20210112085537-c389da54e794 h1:NVRJ0Uy0SOFcXSKLsS65OmI1sgCCfiDUPj+cwnH7GZw=
github.com/lxn/walk v0.0.0-20210112085537-c389da54e794/go.mod h1:E23UucZGqpuUANJooIbHWCufXvOcT6E7Stq81gU+CSQ=
github.com/lxn/win v0.0.0-20201111105847-2a20daff6a55 h1:4BxFx5XCtXc+nFtXDGDW+Uu5sPtsAbvPh6RObj3fG9o=
github.com/lxn/win v0.0.0-20201111105847-2a20daff6a55/go.mod h1:KxxjdtRkfNoYDCUP5ryK7XJJNTnpC8atvtmTheChOtk=
github.com/mattn/go-runewidth v0.0.4 h1:2BvfKmzob6Bmd4YsL0zygOqfdFnK7GR4QL06Do4/p7Y=
github.com/mattn/go-runewidth v0.0.4/go.mod h1:LwmH8dsx7+W8Uxz3IHJYH5QSwggIsqBzpuz5H//U1FU=
github.com/shu-go/buildcond v0.0.0-20190822025422-2120c8ecbe46 h1:61QFt/QYRHCcF1KB8HqHiWlwPK8VjS1t3+K4Ttn1iVI=
github.com/shu-go/buildcond v0.0.0-20190822025422-2120c8ecbe46/go.mod h1:Q3awTDK2u4H5uICoLdMvTr2c3SfExTYqZ9njKkSZrcA=
github.com/shu-go/cliparser v0.0.0-20190822025044-17b54d2ae1aa h1:/o4k5mrlZXF78Ql4IbmbQwaqGklOYMPd0uQpyGxmYLg=
github.com/shu-go/cliparser v0.0.0-20190822025044-17b54d2ae1aa/go.mod h1:b89EpZSowgrnN/iRGjwCHlRcIMMQjOGm3NmffyFpF9M=
github.com/shu-go/cliparser v0.0.0-20190829042540-022645fdd970 h1:Y7+Vpj+QRPvnkmnidrF39FvL0xdWspYlXVqe5C1WKaQ=
github.com/shu-go/cliparser v0.0.0-20190829042540-022645fdd970/go.mod h1:h9zBORgtxOkotAowPkA87REX/iR5Kg1OtguILkbX5Vg=
github.com/shu-go/clise v0.0.0-20190822023516-79849fb81cfe/go.mod h1:VLiMEzXMBozBLD37i3id3qPflaupus48v/979ipQ43s=
github.com/shu-go/elapsed v0.0.0-20190822031218-6a4ba9db6c01 h1:iOhiWf7VcBcniSJe9xH9v992X2zPvJxybISU1ScVr/k=
github.com/shu-go/elapsed v0.0.0-20190822031218-6a4ba9db6c01/go.mod h1:tEkUVeE1/fmwRquebfTVqwj2tTSHjEWKhUzCsDZvH4w=
github.com/shu-go/gli v0.0.0-20191003020935-c6817caa1c0a h1:N7WMOChI8J5Dx22ZNbg4xaogju9gKARbjWmNaLo5irM=
github.com/shu-go/gli v0.0.0-20191003020935-c6817caa1c0a/go.mod h1:F0pECDJ/7sP7e6/BlCGNScgK3O3dOLo/0d8CeH1Z7Ks=
github.com/shu-go/gotwant v0.0.0-20190822031422-724391433f13 h1:ny9pVZ7fzuKapDWhfcQwVD5XtO/WUqYDt3BeOgbj+3o=
github.com/shu-go/gotwant v0.0.0-20190822031422-724391433f13/go.mod h1:UxvcvxZEQUBw6lS9UgXOPh1outjvx2+bvDlEOpCTuGo=
github.com/shu-go/retry v0.0.0-20170311144019-375aa474fe73 h1:LoB1M4Ba9rbXgIa/ZrwbTS4JE80LO955ZpQbWlVRGX0=
github.com/shu-go/retry v0.0.0-20170311144019-375aa474fe73/go.mod h1:sMNqJdPyuvoe4mCcAX+pANldvv06TrzpPEp4rXheuJ8=
github.com/shu-go/rog v0.0.0-20190826055139-09f31aeaaebd h1:4HEm7TeZfpMp8mrjUoRt0MxTCvJrakuRn3rSbOSOBqE=
github.com/shu-go/rog v0.0.0-20190826055139-09f31aeaaebd/go.mod h1:z2vjwV5lUEhVBjFneBZQECuBiel1kmKuU0sVJCwysDY=
golang.org/x/sys v0.0.0-20201018230417-eeed37f84f13/go.mod h1:h1NjWce9XRLGQEsW7wpKNCjG9DtNlClVuFLEZdDNbEs=
golang.org/x/sys v0.0.0-20210119212857-b64e53b001e4 h1:myAQVi0cGEoqQVR5POX+8RR2mrocKqNN1hmeMqhX27k=
golang.org/x/sys v0.0.0-20210119212857-b64e53b001e4/go.mod h1:h1NjWce9XRLGQEsW7wpKNCjG9DtNlClVuFLEZdDNbEs=
gopkg.in/Knetic/govaluate.v3 v3.0.0 h1:18mUyIt4ZlRlFZAAfVetz4/rzlJs9yhN+U02F4u1AOc=
gopkg.in/Knetic/govaluate.v3 v3.0.0/go.mod h1:csKLBORsPbafmSCGTEh3U7Ozmsuq8ZSIlKk1bcqph0E=
