github.com/mattn/go-runewidth v0.0.14/go.mod h1:Jdepj2loyihRzMpdS35Xk/zdY8IAYHsh153qUoGf23w=
github.com/mattn/go-runewidth v0.0.16 h1:E5ScNMtiwvlvB5paMFdw9p4kSQzbXFikJ5SQO6TULQc=
github.com/mattn/go-runewidth v0.0.16/go.mod h1:Jdepj2loyihRzMpdS35Xk/zdY8IAYHsh153qUoGf23w=
github.com/pkg/errors v0.9.1 h1:FEBLx1zS214owpjy7qsBeixbURkuhQAwrK5UwLGTwt4=
github.com/pkg/errors v0.9.1/go.mod h1:bwawxfHBFNV+L2hUp1rHADufV3IMtnDRdf1r5NINEl0=
github.com/rivo/uniseg v0.2.0/go.mod h1:J6wj4VEh+S6ZtnVlnTBMWIodfgj8LQOQFoIToxlJtxc=
github.com/rivo/uniseg v0.4.3/go.mod h1:FN3SvrM+Zdj16jyLfmOkMNblXMcoc8DfTHruCPUcx88=
github.com/rivo/uniseg v0.4.7 h1:WUdvkW8uEhrYfLC4ZzdpI2ztxP1I582+49Oc5Mq64VQ=
github.com/rivo/uniseg v0.4.7/go.mod h1:FN3SvrM+Zdj16jyLfmOkMNblXMcoc8DfTHruCPUcx88=
github.com/shu-go/buildcond v0.0.0-20230323082308-7969df5a5f51 h1:5WOmJ3zJAFFbnjR0AKpLkuNyyYpf6a0ZbtktpUZALA8=
github.com/shu-go/buildcond v0.0.0-20230323082308-7969df5a5f51/go.mod h1:VO2bhxb8i/reKeSVLZ0h9XDv/DIyocNRvfPwFYhZu3E=
github.com/shu-go/cliparser v0.2.2/go.mod h1:oX+xgwUi9B2OzBFudKc5ayoqWhlVAbuN67rAqyWvvQ4=
github.com/shu-go/cliparser v0.2.4 h1:6RJjRRy2aTx0f+hAX8gp9Lf5+w3Y7fcvvorWmXcmdG4=
github.com/shu-go/cliparser v0.2.4/go.mod h1:oX+xgwUi9B2OzBFudKc5ayoqWhlVAbuN67rAqyWvvQ4=
github.com/shu-go/clise v0.0.0-20190822023516-79849fb81cfe/go.mod h1:VLiMEzXMBozBLD37i3id3qPflaupus48v/979ipQ43s=
github.com/shu-go/elapsed v0.0.0-20230401113807-93b292df2756 h1:ddbUhEuXL97EXxao5U/hVsaNZYugZ8bl+6+FycRsGKg=
github.com/shu-go/elapsed v0.0.0-20230401113807-93b292df2756/go.mod h1:9ioQS2wgA3jDem07DQrJO5OXNdHQ4L4S15Ct79hDGIE=
github.com/shu-go/gli v1.5.7 h1:bvzFPU/ArxzmCTsegXjN3nwOzvV62LPUCsa5bwBfyMg=
github.com/shu-go/gli v1.5.7/go.mod h1:WZSG6NFYr/1rwT2F3Oms0gWyklvjJNDW6qvBfZ/tM4U=
github.com/shu-go/gotwant v0.0.0-20190920074605-b4f19c0bac91 h1:nwDc3kHbf9scf1UZIWiWw5tZF3Z4yOJAMjNN+kYXJwE=
github.com/shu-go/gotwant v0.0.0-20190920074605-b4f19c0bac91/go.mod h1:FZepfqvib0mXjHiaQPTv0RUD5QMpMA/FHLfBQjZRRQg=
github.com/shu-go/retry v0.0.0-20170311144019-2015ca8852ea h1:njJXzrC8mXDIUgdehmzAG0QIwJ6fWN23++hDjFO1ZNo=
github.com/shu-go/retry v0.0.0-20170311144019-2015ca8852ea/go.mod h1:sMNqJdPyuvoe4mCcAX+pANldvv06TrzpPEp4rXheuJ8=
github.com/shu-go/rog v0.1.0 h1:mplglNOiUN1ujq0UTkosB5NL/GQhFX2gRYcen7aEhTY=
github.com/shu-go/rog v0.1.0/go.mod h1:gO+FpqgnHoxbF6FPJN6PaAEl6hcZRLNL+nQZgbbElzo=
